// !$*UTF8*$!
{
	archiveVersion = 1;
	classes = {
	};
	objectVersion = 52;
	objects = {

/* Begin PBXBuildFile section */
		4C16991F26FA4DE600F197E3 /* Alamofire in Frameworks */ = {isa = PBXBuildFile; productRef = 4C16991E26FA4DE600F197E3 /* Alamofire */; };
		4C237E7D26F3CA3D0059B1BF /* AppDelegate.swift in Sources */ = {isa = PBXBuildFile; fileRef = 4C237E7C26F3CA3D0059B1BF /* AppDelegate.swift */; };
		4C237E7F26F3CA3D0059B1BF /* SceneDelegate.swift in Sources */ = {isa = PBXBuildFile; fileRef = 4C237E7E26F3CA3D0059B1BF /* SceneDelegate.swift */; };
		4C237E8126F3CA3D0059B1BF /* ViewController.swift in Sources */ = {isa = PBXBuildFile; fileRef = 4C237E8026F3CA3D0059B1BF /* ViewController.swift */; };
		4C237E8426F3CA3D0059B1BF /* Main.storyboard in Resources */ = {isa = PBXBuildFile; fileRef = 4C237E8226F3CA3D0059B1BF /* Main.storyboard */; };
		4C237E8726F3CA3D0059B1BF /* X3.xcdatamodeld in Sources */ = {isa = PBXBuildFile; fileRef = 4C237E8526F3CA3D0059B1BF /* X3.xcdatamodeld */; };
		4C237E8926F3CA3E0059B1BF /* Assets.xcassets in Resources */ = {isa = PBXBuildFile; fileRef = 4C237E8826F3CA3E0059B1BF /* Assets.xcassets */; };
		4C237E8C26F3CA3E0059B1BF /* LaunchScreen.storyboard in Resources */ = {isa = PBXBuildFile; fileRef = 4C237E8A26F3CA3E0059B1BF /* LaunchScreen.storyboard */; };
		4C57819926F52BE900CD6DDF /* HolaViewController.swift in Sources */ = {isa = PBXBuildFile; fileRef = 4C57819826F52BE900CD6DDF /* HolaViewController.swift */; };
		4C65A070270B873E0027FE91 /* NuevoUsuarioViewController.swift in Sources */ = {isa = PBXBuildFile; fileRef = 4C65A06F270B873E0027FE91 /* NuevoUsuarioViewController.swift */; };
		4CA01CBF2703A21F00359D8D /* Kingfisher in Frameworks */ = {isa = PBXBuildFile; productRef = 4CA01CBE2703A21F00359D8D /* Kingfisher */; };
		4CA01CC12703AEF500359D8D /* Alamofire.swift in Sources */ = {isa = PBXBuildFile; fileRef = 4CA01CC02703AEF500359D8D /* Alamofire.swift */; };
		4CFC020326FCF907009C4DFD /* Ingreso.swift in Sources */ = {isa = PBXBuildFile; fileRef = 4CFC020226FCF907009C4DFD /* Ingreso.swift */; };
/* End PBXBuildFile section */

/* Begin PBXFileReference section */
		4C237E7926F3CA3D0059B1BF /* X3.app */ = {isa = PBXFileReference; explicitFileType = wrapper.application; includeInIndex = 0; path = X3.app; sourceTree = BUILT_PRODUCTS_DIR; };
		4C237E7C26F3CA3D0059B1BF /* AppDelegate.swift */ = {isa = PBXFileReference; lastKnownFileType = sourcecode.swift; path = AppDelegate.swift; sourceTree = "<group>"; };
		4C237E7E26F3CA3D0059B1BF /* SceneDelegate.swift */ = {isa = PBXFileReference; lastKnownFileType = sourcecode.swift; path = SceneDelegate.swift; sourceTree = "<group>"; };
		4C237E8026F3CA3D0059B1BF /* ViewController.swift */ = {isa = PBXFileReference; lastKnownFileType = sourcecode.swift; path = ViewController.swift; sourceTree = "<group>"; };
		4C237E8326F3CA3D0059B1BF /* Base */ = {isa = PBXFileReference; lastKnownFileType = file.storyboard; name = Base; path = Base.lproj/Main.storyboard; sourceTree = "<group>"; };
		4C237E8626F3CA3D0059B1BF /* X3.xcdatamodel */ = {isa = PBXFileReference; lastKnownFileType = wrapper.xcdatamodel; path = X3.xcdatamodel; sourceTree = "<group>"; };
		4C237E8826F3CA3E0059B1BF /* Assets.xcassets */ = {isa = PBXFileReference; lastKnownFileType = folder.assetcatalog; path = Assets.xcassets; sourceTree = "<group>"; };
		4C237E8B26F3CA3E0059B1BF /* Base */ = {isa = PBXFileReference; lastKnownFileType = file.storyboard; name = Base; path = Base.lproj/LaunchScreen.storyboard; sourceTree = "<group>"; };
		4C237E8D26F3CA3E0059B1BF /* Info.plist */ = {isa = PBXFileReference; lastKnownFileType = text.plist.xml; path = Info.plist; sourceTree = "<group>"; };
		4C57819826F52BE900CD6DDF /* HolaViewController.swift */ = {isa = PBXFileReference; lastKnownFileType = sourcecode.swift; path = HolaViewController.swift; sourceTree = "<group>"; };
		4C65A06F270B873E0027FE91 /* NuevoUsuarioViewController.swift */ = {isa = PBXFileReference; lastKnownFileType = sourcecode.swift; path = NuevoUsuarioViewController.swift; sourceTree = "<group>"; };
		4CA01CC02703AEF500359D8D /* Alamofire.swift */ = {isa = PBXFileReference; lastKnownFileType = sourcecode.swift; path = Alamofire.swift; sourceTree = "<group>"; };
		4CFC020226FCF907009C4DFD /* Ingreso.swift */ = {isa = PBXFileReference; lastKnownFileType = sourcecode.swift; path = Ingreso.swift; sourceTree = "<group>"; };
/* End PBXFileReference section */

/* Begin PBXFrameworksBuildPhase section */
		4C237E7626F3CA3D0059B1BF /* Frameworks */ = {
			isa = PBXFrameworksBuildPhase;
			buildActionMask = 2147483647;
			files = (
				4CA01CBF2703A21F00359D8D /* Kingfisher in Frameworks */,
				4C16991F26FA4DE600F197E3 /* Alamofire in Frameworks */,
			);
			runOnlyForDeploymentPostprocessing = 0;
		};
/* End PBXFrameworksBuildPhase section */

/* Begin PBXGroup section */
		4C237E7026F3CA3C0059B1BF = {
			isa = PBXGroup;
			children = (
				4C237E7B26F3CA3D0059B1BF /* X3 */,
				4C237E7A26F3CA3D0059B1BF /* Products */,
			);
			sourceTree = "<group>";
		};
		4C237E7A26F3CA3D0059B1BF /* Products */ = {
			isa = PBXGroup;
			children = (
				4C237E7926F3CA3D0059B1BF /* X3.app */,
			);
			name = Products;
			sourceTree = "<group>";
		};
		4C237E7B26F3CA3D0059B1BF /* X3 */ = {
			isa = PBXGroup;
			children = (
				4C237E7C26F3CA3D0059B1BF /* AppDelegate.swift */,
				4C237E7E26F3CA3D0059B1BF /* SceneDelegate.swift */,
				4C237E8026F3CA3D0059B1BF /* ViewController.swift */,
				4C57819826F52BE900CD6DDF /* HolaViewController.swift */,
				4C65A06F270B873E0027FE91 /* NuevoUsuarioViewController.swift */,
				4C237E8226F3CA3D0059B1BF /* Main.storyboard */,
				4C237E8826F3CA3E0059B1BF /* Assets.xcassets */,
				4C237E8A26F3CA3E0059B1BF /* LaunchScreen.storyboard */,
				4C237E8D26F3CA3E0059B1BF /* Info.plist */,
				4C237E8526F3CA3D0059B1BF /* X3.xcdatamodeld */,
				4CA01CC02703AEF500359D8D /* Alamofire.swift */,
				4CFC020226FCF907009C4DFD /* Ingreso.swift */,
			);
			path = X3;
			sourceTree = "<group>";
		};
/* End PBXGroup section */

/* Begin PBXNativeTarget section */
		4C237E7826F3CA3D0059B1BF /* X3 */ = {
			isa = PBXNativeTarget;
			buildConfigurationList = 4C237E9026F3CA3E0059B1BF /* Build configuration list for PBXNativeTarget "X3" */;
			buildPhases = (
				4C237E7526F3CA3D0059B1BF /* Sources */,
				4C237E7626F3CA3D0059B1BF /* Frameworks */,
				4C237E7726F3CA3D0059B1BF /* Resources */,
			);
			buildRules = (
			);
			dependencies = (
			);
			name = X3;
			packageProductDependencies = (
				4C16991E26FA4DE600F197E3 /* Alamofire */,
				4CA01CBE2703A21F00359D8D /* Kingfisher */,
			);
			productName = X3;
			productReference = 4C237E7926F3CA3D0059B1BF /* X3.app */;
			productType = "com.apple.product-type.application";
		};
/* End PBXNativeTarget section */

/* Begin PBXProject section */
		4C237E7126F3CA3C0059B1BF /* Project object */ = {
			isa = PBXProject;
			attributes = {
				LastSwiftUpdateCheck = 1250;
				LastUpgradeCheck = 1250;
				TargetAttributes = {
					4C237E7826F3CA3D0059B1BF = {
						CreatedOnToolsVersion = 12.5.1;
					};
				};
			};
			buildConfigurationList = 4C237E7426F3CA3C0059B1BF /* Build configuration list for PBXProject "X3" */;
			compatibilityVersion = "Xcode 9.3";
			developmentRegion = en;
			hasScannedForEncodings = 0;
			knownRegions = (
				en,
				Base,
			);
			mainGroup = 4C237E7026F3CA3C0059B1BF;
			packageReferences = (
				4C16991D26FA4DE600F197E3 /* XCRemoteSwiftPackageReference "Alamofire" */,
				4CA01CBD2703A21F00359D8D /* XCRemoteSwiftPackageReference "Kingfisher" */,
			);
			productRefGroup = 4C237E7A26F3CA3D0059B1BF /* Products */;
			projectDirPath = "";
			projectRoot = "";
			targets = (
				4C237E7826F3CA3D0059B1BF /* X3 */,
			);
		};
/* End PBXProject section */

/* Begin PBXResourcesBuildPhase section */
		4C237E7726F3CA3D0059B1BF /* Resources */ = {
			isa = PBXResourcesBuildPhase;
			buildActionMask = 2147483647;
			files = (
				4C237E8C26F3CA3E0059B1BF /* LaunchScreen.storyboard in Resources */,
				4C237E8926F3CA3E0059B1BF /* Assets.xcassets in Resources */,
				4C237E8426F3CA3D0059B1BF /* Main.storyboard in Resources */,
			);
			runOnlyForDeploymentPostprocessing = 0;
		};
/* End PBXResourcesBuildPhase section */

/* Begin PBXSourcesBuildPhase section */
		4C237E7526F3CA3D0059B1BF /* Sources */ = {
			isa = PBXSourcesBuildPhase;
			buildActionMask = 2147483647;
			files = (
				4C57819926F52BE900CD6DDF /* HolaViewController.swift in Sources */,
				4CFC020326FCF907009C4DFD /* Ingreso.swift in Sources */,
				4C237E8126F3CA3D0059B1BF /* ViewController.swift in Sources */,
				4C237E7D26F3CA3D0059B1BF /* AppDelegate.swift in Sources */,
				4C237E8726F3CA3D0059B1BF /* X3.xcdatamodeld in Sources */,
				4C237E7F26F3CA3D0059B1BF /* SceneDelegate.swift in Sources */,
				4C65A070270B873E0027FE91 /* NuevoUsuarioViewController.swift in Sources */,
				4CA01CC12703AEF500359D8D /* Alamofire.swift in Sources */,
			);
			runOnlyForDeploymentPostprocessing = 0;
		};
/* End PBXSourcesBuildPhase section */

/* Begin PBXVariantGroup section */
		4C237E8226F3CA3D0059B1BF /* Main.storyboard */ = {
			isa = PBXVariantGroup;
			children = (
				4C237E8326F3CA3D0059B1BF /* Base */,
			);
			name = Main.storyboard;
			sourceTree = "<group>";
		};
		4C237E8A26F3CA3E0059B1BF /* LaunchScreen.storyboard */ = {
			isa = PBXVariantGroup;
			children = (
				4C237E8B26F3CA3E0059B1BF /* Base */,
			);
			name = LaunchScreen.storyboard;
			sourceTree = "<group>";
		};
/* End PBXVariantGroup section */

/* Begin XCBuildConfiguration section */
		4C237E8E26F3CA3E0059B1BF /* Debug */ = {
			isa = XCBuildConfiguration;
			buildSettings = {
				ALWAYS_SEARCH_USER_PATHS = NO;
				CLANG_ANALYZER_NONNULL = YES;
				CLANG_ANALYZER_NUMBER_OBJECT_CONVERSION = YES_AGGRESSIVE;
				CLANG_CXX_LANGUAGE_STANDARD = "gnu++14";
				CLANG_CXX_LIBRARY = "libc++";
				CLANG_ENABLE_MODULES = YES;
				CLANG_ENABLE_OBJC_ARC = YES;
				CLANG_ENABLE_OBJC_WEAK = YES;
				CLANG_WARN_BLOCK_CAPTURE_AUTORELEASING = YES;
				CLANG_WARN_BOOL_CONVERSION = YES;
				CLANG_WARN_COMMA = YES;
				CLANG_WARN_CONSTANT_CONVERSION = YES;
				CLANG_WARN_DEPRECATED_OBJC_IMPLEMENTATIONS = YES;
				CLANG_WARN_DIRECT_OBJC_ISA_USAGE = YES_ERROR;
				CLANG_WARN_DOCUMENTATION_COMMENTS = YES;
				CLANG_WARN_EMPTY_BODY = YES;
				CLANG_WARN_ENUM_CONVERSION = YES;
				CLANG_WARN_INFINITE_RECURSION = YES;
				CLANG_WARN_INT_CONVERSION = YES;
				CLANG_WARN_NON_LITERAL_NULL_CONVERSION = YES;
				CLANG_WARN_OBJC_IMPLICIT_RETAIN_SELF = YES;
				CLANG_WARN_OBJC_LITERAL_CONVERSION = YES;
				CLANG_WARN_OBJC_ROOT_CLASS = YES_ERROR;
				CLANG_WARN_QUOTED_INCLUDE_IN_FRAMEWORK_HEADER = YES;
				CLANG_WARN_RANGE_LOOP_ANALYSIS = YES;
				CLANG_WARN_STRICT_PROTOTYPES = YES;
				CLANG_WARN_SUSPICIOUS_MOVE = YES;
				CLANG_WARN_UNGUARDED_AVAILABILITY = YES_AGGRESSIVE;
				CLANG_WARN_UNREACHABLE_CODE = YES;
				CLANG_WARN__DUPLICATE_METHOD_MATCH = YES;
				COPY_PHASE_STRIP = NO;
				DEBUG_INFORMATION_FORMAT = dwarf;
				ENABLE_STRICT_OBJC_MSGSEND = YES;
				ENABLE_TESTABILITY = YES;
				GCC_C_LANGUAGE_STANDARD = gnu11;
				GCC_DYNAMIC_NO_PIC = NO;
				GCC_NO_COMMON_BLOCKS = YES;
				GCC_OPTIMIZATION_LEVEL = 0;
				GCC_PREPROCESSOR_DEFINITIONS = (
					"DEBUG=1",
					"$(inherited)",
				);
				GCC_WARN_64_TO_32_BIT_CONVERSION = YES;
				GCC_WARN_ABOUT_RETURN_TYPE = YES_ERROR;
				GCC_WARN_UNDECLARED_SELECTOR = YES;
				GCC_WARN_UNINITIALIZED_AUTOS = YES_AGGRESSIVE;
				GCC_WARN_UNUSED_FUNCTION = YES;
				GCC_WARN_UNUSED_VARIABLE = YES;
				IPHONEOS_DEPLOYMENT_TARGET = 14.3;
				MTL_ENABLE_DEBUG_INFO = INCLUDE_SOURCE;
				MTL_FAST_MATH = YES;
				ONLY_ACTIVE_ARCH = YES;
				SDKROOT = iphoneos;
				SWIFT_ACTIVE_COMPILATION_CONDITIONS = DEBUG;
				SWIFT_OPTIMIZATION_LEVEL = "-Onone";
			};
			name = Debug;
		};
		4C237E8F26F3CA3E0059B1BF /* Release */ = {
			isa = XCBuildConfiguration;
			buildSettings = {
				ALWAYS_SEARCH_USER_PATHS = NO;
				CLANG_ANALYZER_NONNULL = YES;
				CLANG_ANALYZER_NUMBER_OBJECT_CONVERSION = YES_AGGRESSIVE;
				CLANG_CXX_LANGUAGE_STANDARD = "gnu++14";
				CLANG_CXX_LIBRARY = "libc++";
				CLANG_ENABLE_MODULES = YES;
				CLANG_ENABLE_OBJC_ARC = YES;
				CLANG_ENABLE_OBJC_WEAK = YES;
				CLANG_WARN_BLOCK_CAPTURE_AUTORELEASING = YES;
				CLANG_WARN_BOOL_CONVERSION = YES;
				CLANG_WARN_COMMA = YES;
				CLANG_WARN_CONSTANT_CONVERSION = YES;
				CLANG_WARN_DEPRECATED_OBJC_IMPLEMENTATIONS = YES;
				CLANG_WARN_DIRECT_OBJC_ISA_USAGE = YES_ERROR;
				CLANG_WARN_DOCUMENTATION_COMMENTS = YES;
				CLANG_WARN_EMPTY_BODY = YES;
				CLANG_WARN_ENUM_CONVERSION = YES;
				CLANG_WARN_INFINITE_RECURSION = YES;
				CLANG_WARN_INT_CONVERSION = YES;
				CLANG_WARN_NON_LITERAL_NULL_CONVERSION = YES;
				CLANG_WARN_OBJC_IMPLICIT_RETAIN_SELF = YES;
				CLANG_WARN_OBJC_LITERAL_CONVERSION = YES;
				CLANG_WARN_OBJC_ROOT_CLASS = YES_ERROR;
				CLANG_WARN_QUOTED_INCLUDE_IN_FRAMEWORK_HEADER = YES;
				CLANG_WARN_RANGE_LOOP_ANALYSIS = YES;
				CLANG_WARN_STRICT_PROTOTYPES = YES;
				CLANG_WARN_SUSPICIOUS_MOVE = YES;
				CLANG_WARN_UNGUARDED_AVAILABILITY = YES_AGGRESSIVE;
				CLANG_WARN_UNREACHABLE_CODE = YES;
				CLANG_WARN__DUPLICATE_METHOD_MATCH = YES;
				COPY_PHASE_STRIP = NO;
				DEBUG_INFORMATION_FORMAT = "dwarf-with-dsym";
				ENABLE_NS_ASSERTIONS = NO;
				ENABLE_STRICT_OBJC_MSGSEND = YES;
				GCC_C_LANGUAGE_STANDARD = gnu11;
				GCC_NO_COMMON_BLOCKS = YES;
				GCC_WARN_64_TO_32_BIT_CONVERSION = YES;
				GCC_WARN_ABOUT_RETURN_TYPE = YES_ERROR;
				GCC_WARN_UNDECLARED_SELECTOR = YES;
				GCC_WARN_UNINITIALIZED_AUTOS = YES_AGGRESSIVE;
				GCC_WARN_UNUSED_FUNCTION = YES;
				GCC_WARN_UNUSED_VARIABLE = YES;
				IPHONEOS_DEPLOYMENT_TARGET = 14.3;
				MTL_ENABLE_DEBUG_INFO = NO;
				MTL_FAST_MATH = YES;
				SDKROOT = iphoneos;
				SWIFT_COMPILATION_MODE = wholemodule;
				SWIFT_OPTIMIZATION_LEVEL = "-O";
				VALIDATE_PRODUCT = YES;
			};
			name = Release;
		};
		4C237E9126F3CA3E0059B1BF /* Debug */ = {
			isa = XCBuildConfiguration;
			buildSettings = {
				ASSETCATALOG_COMPILER_APPICON_NAME = AppIcon;
				ASSETCATALOG_COMPILER_GLOBAL_ACCENT_COLOR_NAME = AccentColor;
				CODE_SIGN_STYLE = Automatic;
				DEVELOPMENT_TEAM = 9KJL4J27SX;
				INFOPLIST_FILE = X3/Info.plist;
				IPHONEOS_DEPLOYMENT_TARGET = 13.0;
				LD_RUNPATH_SEARCH_PATHS = (
					"$(inherited)",
					"@executable_path/Frameworks",
				);
				PRODUCT_BUNDLE_IDENTIFIER = "Maria-Dominguez.X3";
				PRODUCT_NAME = "$(TARGET_NAME)";
				SWIFT_VERSION = 5.0;
				TARGETED_DEVICE_FAMILY = "1,2";
			};
			name = Debug;
		};
		4C237E9226F3CA3E0059B1BF /* Release */ = {
			isa = XCBuildConfiguration;
			buildSettings = {
				ASSETCATALOG_COMPILER_APPICON_NAME = AppIcon;
				ASSETCATALOG_COMPILER_GLOBAL_ACCENT_COLOR_NAME = AccentColor;
				CODE_SIGN_STYLE = Automatic;
				DEVELOPMENT_TEAM = 9KJL4J27SX;
				INFOPLIST_FILE = X3/Info.plist;
				IPHONEOS_DEPLOYMENT_TARGET = 13.0;
				LD_RUNPATH_SEARCH_PATHS = (
					"$(inherited)",
					"@executable_path/Frameworks",
				);
				PRODUCT_BUNDLE_IDENTIFIER = "Maria-Dominguez.X3";
				PRODUCT_NAME = "$(TARGET_NAME)";
				SWIFT_VERSION = 5.0;
				TARGETED_DEVICE_FAMILY = "1,2";
			};
			name = Release;
		};
/* End XCBuildConfiguration section */

/* Begin XCConfigurationList section */
		4C237E7426F3CA3C0059B1BF /* Build configuration list for PBXProject "X3" */ = {
			isa = XCConfigurationList;
			buildConfigurations = (
				4C237E8E26F3CA3E0059B1BF /* Debug */,
				4C237E8F26F3CA3E0059B1BF /* Release */,
			);
			defaultConfigurationIsVisible = 0;
			defaultConfigurationName = Release;
		};
		4C237E9026F3CA3E0059B1BF /* Build configuration list for PBXNativeTarget "X3" */ = {
			isa = XCConfigurationList;
			buildConfigurations = (
				4C237E9126F3CA3E0059B1BF /* Debug */,
				4C237E9226F3CA3E0059B1BF /* Release */,
			);
			defaultConfigurationIsVisible = 0;
			defaultConfigurationName = Release;
		};
/* End XCConfigurationList section */

/* Begin XCRemoteSwiftPackageReference section */
		4C16991D26FA4DE600F197E3 /* XCRemoteSwiftPackageReference "Alamofire" */ = {
			isa = XCRemoteSwiftPackageReference;
			repositoryURL = "https://github.com/Alamofire/Alamofire.git";
			requirement = {
				kind = upToNextMajorVersion;
				minimumVersion = 5.4.4;
			};
		};
		4CA01CBD2703A21F00359D8D /* XCRemoteSwiftPackageReference "Kingfisher" */ = {
			isa = XCRemoteSwiftPackageReference;
			repositoryURL = "https://github.com/onevcat/Kingfisher.git";
			requirement = {
				kind = upToNextMajorVersion;
				minimumVersion = 7.0.0;
			};
		};
/* End XCRemoteSwiftPackageReference section */

/* Begin XCSwiftPackageProductDependency section */
		4C16991E26FA4DE600F197E3 /* Alamofire */ = {
			isa = XCSwiftPackageProductDependency;
			package = 4C16991D26FA4DE600F197E3 /* XCRemoteSwiftPackageReference "Alamofire" */;
			productName = Alamofire;
		};
		4CA01CBE2703A21F00359D8D /* Kingfisher */ = {
			isa = XCSwiftPackageProductDependency;
			package = 4CA01CBD2703A21F00359D8D /* XCRemoteSwiftPackageReference "Kingfisher" */;
			productName = Kingfisher;
		};
/* End XCSwiftPackageProductDependency section */

/* Begin XCVersionGroup section */
		4C237E8526F3CA3D0059B1BF /* X3.xcdatamodeld */ = {
			isa = XCVersionGroup;
			children = (
				4C237E8626F3CA3D0059B1BF /* X3.xcdatamodel */,
			);
			currentVersion = 4C237E8626F3CA3D0059B1BF /* X3.xcdatamodel */;
			path = X3.xcdatamodeld;
			sourceTree = "<group>";
			versionGroupType = wrapper.xcdatamodel;
		};
/* End XCVersionGroup section */
	};
	rootObject = 4C237E7126F3CA3C0059B1BF /* Project object */;
}
